
Microsoft Visual Studio Solution File, Format Version 12.00
# Visual Studio 15
VisualStudioVersion = 15.0.28307.2092
MinimumVisualStudioVersion = 10.0.40219.1
Project("{8BC9CEB8-8B4A-11D0-8D11-00A0C91BC942}") = "wxWidgets-get-serial-port", "wxWidgets-get-serial-port\wxWidgets-get-serial-port.vcxproj", "{01021C92-0DEF-49F3-BEA7-33E6F0CFC909}"
EndProject
Global
	GlobalSection(SolutionConfigurationPlatforms) = preSolution
		Debug|x64 = Debug|x64
		Debug|x86 = Debug|x86
		Release|x64 = Release|x64
		Release|x86 = Release|x86
	EndGlobalSection
	GlobalSection(ProjectConfigurationPlatforms) = postSolution
		{01021C92-0DEF-49F3-BEA7-33E6F0CFC909}.Debug|x64.ActiveCfg = Debug|x64
		{01021C92-0DEF-49F3-BEA7-33E6F0CFC909}.Debug|x64.Build.0 = Debug|x64
		{01021C92-0DEF-49F3-BEA7-33E6F0CFC909}.Debug|x86.ActiveCfg = Debug|Win32
		{01021C92-0DEF-49F3-BEA7-33E6F0CFC909}.Debug|x86.Build.0 = Debug|Win32
		{01021C92-0DEF-49F3-BEA7-33E6F0CFC909}.Release|x64.ActiveCfg = Release|x64
		{01021C92-0DEF-49F3-BEA7-33E6F0CFC909}.Release|x64.Build.0 = Release|x64
		{01021C92-0DEF-49F3-BEA7-33E6F0CFC909}.Release|x86.ActiveCfg = Release|Win32
		{01021C92-0DEF-49F3-BEA7-33E6F0CFC909}.Release|x86.Build.0 = Release|Win32
	EndGlobalSection
	GlobalSection(SolutionProperties) = preSolution
		HideSolutionNode = FALSE
	EndGlobalSection
	GlobalSection(ExtensibilityGlobals) = postSolution
		SolutionGuid = {AD52E450-E2D1-42F9-86F7-D8E7B51F8CE5}
	EndGlobalSection
EndGlobal
